PODS:
  - audioplayers (0.0.1):
    - Flutter
  - camera (0.0.1):
    - Flutter
  - esys_flutter_share (0.0.1):
    - Flutter
  - Flutter (1.0.0)
  - FMDB (2.7.5):
    - FMDB/standard (= 2.7.5)
  - FMDB/standard (2.7.5)
  - location (0.0.1):
    - Flutter
  - path_provider (0.0.1):
    - Flutter
  - speech_to_text (0.0.1):
    - Flutter
    - Try
  - sqflite (0.0.1):
    - Flutter
    - FMDB (~> 2.7.2)
  - Try (2.1.1)
  - vibration (1.7.3):
    - Flutter

DEPENDENCIES:
  - audioplayers (from `.symlinks/plugins/audioplayers/ios`)
  - camera (from `.symlinks/plugins/camera/ios`)
  - esys_flutter_share (from `.symlinks/plugins/esys_flutter_share/ios`)
  - Flutter (from `Flutter`)
  - location (from `.symlinks/plugins/location/ios`)
  - path_provider (from `.symlinks/plugins/path_provider/ios`)
  - speech_to_text (from `.symlinks/plugins/speech_to_text/ios`)
  - sqflite (from `.symlinks/plugins/sqflite/ios`)
  - vibration (from `.symlinks/plugins/vibration/ios`)

SPEC REPOS:
  trunk:
    - FMDB
    - Try

EXTERNAL SOURCES:
  audioplayers:
    :path: ".symlinks/plugins/audioplayers/ios"
  camera:
    :path: ".symlinks/plugins/camera/ios"
  esys_flutter_share:
    :path: ".symlinks/plugins/esys_flutter_share/ios"
  Flutter:
    :path: Flutter
  location:
    :path: ".symlinks/plugins/location/ios"
  path_provider:
    :path: ".symlinks/plugins/path_provider/ios"
  speech_to_text:
    :path: ".symlinks/plugins/speech_to_text/ios"
  sqflite:
    :path: ".symlinks/plugins/sqflite/ios"
  vibration:
    :path: ".symlinks/plugins/vibration/ios"

SPEC CHECKSUMS:
  audioplayers: 455322b54050b30ea4b1af7cd9e9d105f74efa8c
  camera: a0ca5080336f7af47b88436e5e26da3dee5568f0
  esys_flutter_share: c5be04df4150fad4f43a29151a7dcf7965b8e08b
  Flutter: 27024d906f7e0a772f3a4d9d5dc0ebc9b4538d40
  FMDB: 2ce00b547f966261cd18927a3ddb07cb6f3db82a
  location: c474878d8b540c906cc6306806a5d6889f762650
  path_provider: abfe2b5c733d04e238b0d8691db0cfd63a27a93c
  speech_to_text: 2c7ec70b38b4ab89a9f900d7f98b0e78b0d59f3d
  sqflite: 4001a31ff81d210346b500c55b17f4d6c7589dd0
  Try: 5ef669ae832617b3cee58cb2c6f99fb767a4ff96
  vibration: b5a33e764c3f609a975b9dca73dce20fdde627dc

PODFILE CHECKSUM: be561e86c423a208ac4a7208cd7d60aa05e27633

COCOAPODS: 1.9.3
